version = 1
revision = 3
requires-python = ">=3.14"

[[package]]
name = "kbank-statement-extract"
version = "0.2.0"
source = { editable = "." }
dependencies = [
    { name = "pypdfium2" },
]

[package.metadata]
requires-dist = [{ name = "pypdfium2", specifier = ">=5.13.0" }]

[[package]]
name = "pypdfium2"
version = "5.13.0"
source = { registry = "https://pypi.org/simple" }
sdist = { url = "https://files.pythonhosted.org/packages/ec/78/a52cb80611339ec95f35c7a10d7bfe7a6f97f3b50a35a9f94283d062512e/pypdfium2-5.13.0.tar.gz", hash = "sha256:7ca2d8e31bd8d0d40c496416b7d8bea423388669ffd494929f50e8c3a82326b8", size = 273639, upload-time = "2026-08-13T10:58:15.837Z" }
wheels = [
    { url = "https://files.pythonhosted.org/packages/7c/9c/a49050af85055054299c7fab658ac63f8fddde575774aecbf8f71c7a9e5f/pypdfium2-5.13.0-py3-none-android_23_arm64_v8a.whl", hash = "sha256:882f4bbd4b17a335b43603169a14cde9341de12b238acd5c39e690cbca7c4293", size = 3417299, upload-time = "2026-08-13T10:57:40.522Z" },
    { url = "https://files.pythonhosted.org/packages/50/ad/f23027328843ee2bdd05afe16bb101f5906befd0c70de35fa8c53f60a5ff/pypdfium2-5.13.0-py3-none-android_23_armeabi_v7a.whl", hash = "sha256:d96929bde3bd64c771ab3558ca1ffd7704cc4d872ab92cd9f8f8b8a20f7f36b8", size = 2864708, upload-time = "2026-08-13T10:57:42.259Z" },
    { url = "https://files.pythonhosted.org/packages/08/99/1fe58428b69d2722dcbcfaa08ce71834a332c5b518fd58874bcef936b823/pypdfium2-5.13.0-py3-none-macosx_13_0_arm64.whl", hash = "sha256:da5c7b74eebf40b5c1fbe1de01aa1edc8827a79fb1efd999616bc20dcaf77ba4", size = 3507415, upload-time = "2026-08-13T10:57:43.978Z" },
    { url = "https://files.pythonhosted.org/packages/9f/41/06e26da88a4f5b4ed289325868717a186020661b7b221aa6df622711d31b/pypdfium2-5.13.0-py3-none-macosx_13_0_x86_64.whl", hash = "sha256:2abedfb5c70992b19c780ed58d7f7b929e8ce8ee52c9140158f44317c90ec6c7", size = 3670979, upload-time = "2026-08-13T10:57:45.607Z" },
    { url = "https://files.pythonhosted.org/packages/fe/31/f8210d53775f142be934336665b1d60e800c3f176f28c29b4908d945c518/pypdfium2-5.13.0-py3-none-manylinux_2_17_aarch64.manylinux2014_aarch64.whl", hash = "sha256:9ee8c2bb2e68b396ab4a763215ac100dacb6b96d0da5bebeb239a021aecc3a7e", size = 3676486, upload-time = "2026-08-13T10:57:47.267Z" },
    { url = "https://files.pythonhosted.org/packages/94/50/d339fa09fbe592564b100bfc76833170a1104a764a458ac2abfffcb632f2/pypdfium2-5.13.0-py3-none-manylinux_2_17_armv7l.manylinux2014_armv7l.whl", hash = "sha256:07f58e91b8c45ca144a1ff3008faf3c73ef8a5e9fb32988831788363288228cd", size = 3400883, upload-time = "2026-08-13T10:57:49.189Z" },
    { url = "https://files.pythonhosted.org/packages/c3/e0/b10cf41b5e9f0212d014c40635659c6ab95bb4fcc6fc47f5d3c571f8d57f/pypdfium2-5.13.0-py3-none-manylinux_2_17_i686.manylinux2014_i686.whl", hash = "sha256:46b2f5be9e7ae941ee4216e3d20b66f9dc3d81944a3d57756272de5275204709", size = 3803912, upload-time = "2026-08-13T10:57:50.865Z" },
    { url = "https://files.pythonhosted.org/packages/a7/d8/25ba4ce9a9059ece82f4514df0658fde0aa9bbeafe135e76017c052bf56f/pypdfium2-5.13.0-py3-none-manylinux_2_17_ppc64le.manylinux2014_ppc64le.whl", hash = "sha256:d96beb7f379e6c76d874ca93fcd182ac3168dd499056407070f9927fb1061b8e", size = 4218231, upload-time = "2026-08-13T10:57:52.525Z" },
    { url = "https://files.pythonhosted.org/packages/d3/7c/74a2fb48e5b0d2402d9ca64b39074c722d67e9a8a2c58449a843a8c2329a/pypdfium2-5.13.0-py3-none-manylinux_2_17_x86_64.manylinux2014_x86_64.whl", hash = "sha256:81df25c1ab4c13ff773102d3cbea1967511d079123b067fc077bd0c4d57d91d8", size = 3730077, upload-time = "2026-08-13T10:57:54.021Z" },
    { url = "https://files.pythonhosted.org/packages/59/12/8c922f00518c26dc47d3676cc09c1d3c95e991c1977e31067d23cc2215cb/pypdfium2-5.13.0-py3-none-manylinux_2_27_s390x.manylinux_2_28_s390x.whl", hash = "sha256:d66a32d89fa5b4a2715810171239eb194df4aba604727483ab760512f3c6a851", size = 4031512, upload-time = "2026-08-13T10:57:55.736Z" },
    { url = "https://files.pythonhosted.org/packages/c6/48/a171d034c2dac01adcc57d3dad3c97ba11f19d916f421176002c9e02c904/pypdfium2-5.13.0-py3-none-manylinux_2_34_riscv64.manylinux_2_39_riscv64.whl", hash = "sha256:b90b0a5ac310bb34db8eb848e58fcab4e201e124e3cf3cb1ccb7b85293e034af", size = 3995485, upload-time = "2026-08-13T10:57:57.39Z" },
    { url = "https://files.pythonhosted.org/packages/36/2e/dcb24776d409bb9e5b7fb26a0c62a87b98ab0e30dfcca645eaf31e35123b/pypdfium2-5.13.0-py3-none-musllinux_1_2_aarch64.whl", hash = "sha256:ada81c36483cd61d07e32bc7814620ee96256b4f421b913f566861bf91800248", size = 5016636, upload-time = "2026-08-13T10:57:59.181Z" },
    { url = "https://files.pythonhosted.org/packages/93/24/1fab8470fc6de6f4481f009c90757b1a1ee0a61d8e864ed273f72ffca855/pypdfium2-5.13.0-py3-none-musllinux_1_2_armv7l.whl", hash = "sha256:3826e521e895648983cb9ee6b934d4bf51552600043984f84e9c2b3b14b696f3", size = 4555251, upload-time = "2026-08-13T10:58:00.753Z" },
    { url = "https://files.pythonhosted.org/packages/cd/ef/6e8dbea1eddcb55cf34172753ffccd39566333c803cc94d43c653f369f2f/pypdfium2-5.13.0-py3-none-musllinux_1_2_i686.whl", hash = "sha256:5c029d7163a91f264eafab51fb442a84a33efd9fd83d5a06c0136a7857a3cc8d", size = 5263483, upload-time = "2026-08-13T10:58:02.48Z" },
    { url = "https://files.pythonhosted.org/packages/53/fe/2ff673730189a621c01f9193c74b0f6aa70d8740889fdf11949e1c541869/pypdfium2-5.13.0-py3-none-musllinux_1_2_ppc64le.whl", hash = "sha256:be2dccbde0ce7efe334ecd8f348df4308db360756ede4f0821d82dfc9a58caa8", size = 5144135, upload-time = "2026-08-13T10:58:04.351Z" },
    { url = "https://files.pythonhosted.org/packages/19/0b/759b9037c007317fa5c990dd3f6eff2b99d3fbced251d1e2512be92f2e2e/pypdfium2-5.13.0-py3-none-musllinux_1_2_riscv64.whl", hash = "sha256:bcd81394fe101405e026eedb3e40bef84635c1e5d974dd6036420eb6937753c6", size = 4648156, upload-time = "2026-08-13T10:58:06.036Z" },
    { url = "https://files.pythonhosted.org/packages/db/3b/ffe29679c52efe8eb02d77aa6656e6d6201395423329af018ebd5923a3d0/pypdfium2-5.13.0-py3-none-musllinux_1_2_s390x.whl", hash = "sha256:2ed32ff685f8e05e637c990bedbf5fca66727bf27718d8bc33eeab21ce0630d1", size = 5089852, upload-time = "2026-08-13T10:58:07.791Z" },
    { url = "https://files.pythonhosted.org/packages/7b/b6/cebacc1601ddfdcd1e6a1dc321533d215ceccf9b825fa9b91b11c6dc39fb/pypdfium2-5.13.0-py3-none-musllinux_1_2_x86_64.whl", hash = "sha256:9c777edba28d1d5fd15435ed3a78ee2fdb93dd069be37cb53b559bc122793770", size = 5074153, upload-time = "2026-08-13T10:58:09.396Z" },
    { url = "https://files.pythonhosted.org/packages/54/40/cf14c4f534f817788966857afdedb90002198dca5ce4fe2c6ecb031955ae/pypdfium2-5.13.0-py3-none-win32.whl", hash = "sha256:d33ee7077db67478b75efe4b5ea9610fb96c5416a0bc4949227f0f59c34dfcd9", size = 3753164, upload-time = "2026-08-13T10:58:10.97Z" },
    { url = "https://files.pythonhosted.org/packages/5d/99/a37b6b902457569468ed5908c94e56cb6c4032541f02cf89f723d42a9148/pypdfium2-5.13.0-py3-none-win_amd64.whl", hash = "sha256:47dcca2a8d507b5fd24f94c3c9d48fb379430f097bc20f01beff6c963ffbcedb", size = 3885553, upload-time = "2026-08-13T10:58:12.709Z" },
    { url = "https://files.pythonhosted.org/packages/50/7f/d39f6e64375c2ffd50ea100e3c73af79085c880c2791eb7203bc61d8913f/pypdfium2-5.13.0-py3-none-win_arm64.whl", hash = "sha256:554a0b23376460af1410e3c915906895e2dac67a086b9e6ccde0643a795d3b0d", size = 3700026, upload-time = "2026-08-13T10:58:14.206Z" },
]
